// !$*UTF8*$!
{
	archiveVersion = 1;
	classes = {
	};
	objectVersion = 46;
	objects = {

/* Begin PBXBuildFile section */
		DF150BFD1B625E90005EFEB4 /* LICENCE in Resources */ = {isa = PBXBuildFile; fileRef = DF150BFC1B625E90005EFEB4 /* LICENCE */; };
		DF8199DF1B62BFE9002A7885 /* Model.swift in Sources */ = {isa = PBXBuildFile; fileRef = DF8199DE1B62BFE9002A7885 /* Model.swift */; };
		DFB8F11B1B5EE02C003C6E2B /* AppDelegate.swift in Sources */ = {isa = PBXBuildFile; fileRef = DFB8F11A1B5EE02C003C6E2B /* AppDelegate.swift */; };
		DFB8F1201B5EE02C003C6E2B /* MainMenu.xib in Resources */ = {isa = PBXBuildFile; fileRef = DFB8F11E1B5EE02C003C6E2B /* MainMenu.xib */; };
		DFB8F12B1B5EE02C003C6E2B /* Annex_getTests.swift in Sources */ = {isa = PBXBuildFile; fileRef = DFB8F12A1B5EE02C003C6E2B /* Annex_getTests.swift */; };
		DFB8F1361B5EE02C003C6E2B /* Annex_getUITests.swift in Sources */ = {isa = PBXBuildFile; fileRef = DFB8F1351B5EE02C003C6E2B /* Annex_getUITests.swift */; };
		DFC7296E1B697C29009D555C /* Media.xcassets in Resources */ = {isa = PBXBuildFile; fileRef = DFC7296D1B697C29009D555C /* Media.xcassets */; };
/* End PBXBuildFile section */

/* Begin PBXContainerItemProxy section */
		DFB8F1271B5EE02C003C6E2B /* PBXContainerItemProxy */ = {
			isa = PBXContainerItemProxy;
			containerPortal = DFB8F10F1B5EE02C003C6E2B /* Project object */;
			proxyType = 1;
			remoteGlobalIDString = DFB8F1161B5EE02C003C6E2B;
			remoteInfo = "Annex-get";
		};
		DFB8F1321B5EE02C003C6E2B /* PBXContainerItemProxy */ = {
			isa = PBXContainerItemProxy;
			containerPortal = DFB8F10F1B5EE02C003C6E2B /* Project object */;
			proxyType = 1;
			remoteGlobalIDString = DFB8F1161B5EE02C003C6E2B;
			remoteInfo = "Annex-get";
		};
/* End PBXContainerItemProxy section */

/* Begin PBXFileReference section */
		DF150BFB1B622647005EFEB4 /* README.md */ = {isa = PBXFileReference; lastKnownFileType = net.daringfireball.markdown; path = README.md; sourceTree = "<group>"; };
		DF150BFC1B625E90005EFEB4 /* LICENCE */ = {isa = PBXFileReference; fileEncoding = 4; lastKnownFileType = text; path = LICENCE; sourceTree = "<group>"; };
		DF8199DE1B62BFE9002A7885 /* Model.swift */ = {isa = PBXFileReference; fileEncoding = 4; lastKnownFileType = sourcecode.swift; path = Model.swift; sourceTree = "<group>"; };
		DFB8F1171B5EE02C003C6E2B /* Annex-get.app */ = {isa = PBXFileReference; explicitFileType = wrapper.application; includeInIndex = 0; path = "Annex-get.app"; sourceTree = BUILT_PRODUCTS_DIR; };
		DFB8F11A1B5EE02C003C6E2B /* AppDelegate.swift */ = {isa = PBXFileReference; lastKnownFileType = sourcecode.swift; path = AppDelegate.swift; sourceTree = "<group>"; };
		DFB8F11F1B5EE02C003C6E2B /* Base */ = {isa = PBXFileReference; lastKnownFileType = file.xib; name = Base; path = Base.lproj/MainMenu.xib; sourceTree = "<group>"; };
		DFB8F1211B5EE02C003C6E2B /* Info.plist */ = {isa = PBXFileReference; lastKnownFileType = text.plist.xml; path = Info.plist; sourceTree = "<group>"; };
		DFB8F1261B5EE02C003C6E2B /* Annex-getTests.xctest */ = {isa = PBXFileReference; explicitFileType = wrapper.cfbundle; includeInIndex = 0; path = "Annex-getTests.xctest"; sourceTree = BUILT_PRODUCTS_DIR; };
		DFB8F12A1B5EE02C003C6E2B /* Annex_getTests.swift */ = {isa = PBXFileReference; lastKnownFileType = sourcecode.swift; path = Annex_getTests.swift; sourceTree = "<group>"; };
		DFB8F12C1B5EE02C003C6E2B /* Info.plist */ = {isa = PBXFileReference; lastKnownFileType = text.plist.xml; path = Info.plist; sourceTree = "<group>"; };
		DFB8F1311B5EE02C003C6E2B /* Annex-getUITests.xctest */ = {isa = PBXFileReference; explicitFileType = wrapper.cfbundle; includeInIndex = 0; path = "Annex-getUITests.xctest"; sourceTree = BUILT_PRODUCTS_DIR; };
		DFB8F1351B5EE02C003C6E2B /* Annex_getUITests.swift */ = {isa = PBXFileReference; lastKnownFileType = sourcecode.swift; path = Annex_getUITests.swift; sourceTree = "<group>"; };
		DFB8F1371B5EE02C003C6E2B /* Info.plist */ = {isa = PBXFileReference; lastKnownFileType = text.plist.xml; path = Info.plist; sourceTree = "<group>"; };
		DFC7296D1B697C29009D555C /* Media.xcassets */ = {isa = PBXFileReference; lastKnownFileType = folder.assetcatalog; path = Media.xcassets; sourceTree = "<group>"; };
/* End PBXFileReference section */

/* Begin PBXFrameworksBuildPhase section */
		DFB8F1141B5EE02C003C6E2B /* Frameworks */ = {
			isa = PBXFrameworksBuildPhase;
			buildActionMask = 2147483647;
			files = (
			);
			runOnlyForDeploymentPostprocessing = 0;
		};
		DFB8F1231B5EE02C003C6E2B /* Frameworks */ = {
			isa = PBXFrameworksBuildPhase;
			buildActionMask = 2147483647;
			files = (
			);
			runOnlyForDeploymentPostprocessing = 0;
		};
		DFB8F12E1B5EE02C003C6E2B /* Frameworks */ = {
			isa = PBXFrameworksBuildPhase;
			buildActionMask = 2147483647;
			files = (
			);
			runOnlyForDeploymentPostprocessing = 0;
		};
/* End PBXFrameworksBuildPhase section */

/* Begin PBXGroup section */
		DFB8F10E1B5EE02C003C6E2B = {
			isa = PBXGroup;
			children = (
				DF150BFC1B625E90005EFEB4 /* LICENCE */,
				DF150BFB1B622647005EFEB4 /* README.md */,
				DFB8F1191B5EE02C003C6E2B /* Annex-get */,
				DFB8F1291B5EE02C003C6E2B /* Annex-getTests */,
				DFB8F1341B5EE02C003C6E2B /* Annex-getUITests */,
				DFB8F1181B5EE02C003C6E2B /* Products */,
			);
			sourceTree = "<group>";
		};
		DFB8F1181B5EE02C003C6E2B /* Products */ = {
			isa = PBXGroup;
			children = (
				DFB8F1171B5EE02C003C6E2B /* Annex-get.app */,
				DFB8F1261B5EE02C003C6E2B /* Annex-getTests.xctest */,
				DFB8F1311B5EE02C003C6E2B /* Annex-getUITests.xctest */,
			);
			name = Products;
			sourceTree = "<group>";
		};
		DFB8F1191B5EE02C003C6E2B /* Annex-get */ = {
			isa = PBXGroup;
			children = (
				DFB8F11A1B5EE02C003C6E2B /* AppDelegate.swift */,
				DFB8F11E1B5EE02C003C6E2B /* MainMenu.xib */,
				DFB8F1211B5EE02C003C6E2B /* Info.plist */,
				DF8199DE1B62BFE9002A7885 /* Model.swift */,
				DFC7296D1B697C29009D555C /* Media.xcassets */,
			);
			path = "Annex-get";
			sourceTree = "<group>";
		};
		DFB8F1291B5EE02C003C6E2B /* Annex-getTests */ = {
			isa = PBXGroup;
			children = (
				DFB8F12A1B5EE02C003C6E2B /* Annex_getTests.swift */,
				DFB8F12C1B5EE02C003C6E2B /* Info.plist */,
			);
			path = "Annex-getTests";
			sourceTree = "<group>";
		};
		DFB8F1341B5EE02C003C6E2B /* Annex-getUITests */ = {
			isa = PBXGroup;
			children = (
				DFB8F1351B5EE02C003C6E2B /* Annex_getUITests.swift */,
				DFB8F1371B5EE02C003C6E2B /* Info.plist */,
			);
			path = "Annex-getUITests";
			sourceTree = "<group>";
		};
/* End PBXGroup section */

/* Begin PBXNativeTarget section */
		DFB8F1161B5EE02C003C6E2B /* Annex-get */ = {
			isa = PBXNativeTarget;
			buildConfigurationList = DFB8F13A1B5EE02C003C6E2B /* Build configuration list for PBXNativeTarget "Annex-get" */;
			buildPhases = (
				DFB8F1131B5EE02C003C6E2B /* Sources */,
				DFB8F1141B5EE02C003C6E2B /* Frameworks */,
				DFB8F1151B5EE02C003C6E2B /* Resources */,
			);
			buildRules = (
			);
			dependencies = (
			);
			name = "Annex-get";
			productName = "Annex-get";
			productReference = DFB8F1171B5EE02C003C6E2B /* Annex-get.app */;
			productType = "com.apple.product-type.application";
		};
		DFB8F1251B5EE02C003C6E2B /* Annex-getTests */ = {
			isa = PBXNativeTarget;
			buildConfigurationList = DFB8F13D1B5EE02C003C6E2B /* Build configuration list for PBXNativeTarget "Annex-getTests" */;
			buildPhases = (
				DFB8F1221B5EE02C003C6E2B /* Sources */,
				DFB8F1231B5EE02C003C6E2B /* Frameworks */,
				DFB8F1241B5EE02C003C6E2B /* Resources */,
			);
			buildRules = (
			);
			dependencies = (
				DFB8F1281B5EE02C003C6E2B /* PBXTargetDependency */,
			);
			name = "Annex-getTests";
			productName = "Annex-getTests";
			productReference = DFB8F1261B5EE02C003C6E2B /* Annex-getTests.xctest */;
			productType = "com.apple.product-type.bundle.unit-test";
		};
		DFB8F1301B5EE02C003C6E2B /* Annex-getUITests */ = {
			isa = PBXNativeTarget;
			buildConfigurationList = DFB8F1401B5EE02C003C6E2B /* Build configuration list for PBXNativeTarget "Annex-getUITests" */;
			buildPhases = (
				DFB8F12D1B5EE02C003C6E2B /* Sources */,
				DFB8F12E1B5EE02C003C6E2B /* Frameworks */,
				DFB8F12F1B5EE02C003C6E2B /* Resources */,
			);
			buildRules = (
			);
			dependencies = (
				DFB8F1331B5EE02C003C6E2B /* PBXTargetDependency */,
			);
			name = "Annex-getUITests";
			productName = "Annex-getUITests";
			productReference = DFB8F1311B5EE02C003C6E2B /* Annex-getUITests.xctest */;
			productType = "com.apple.product-type.bundle.ui-testing";
		};
/* End PBXNativeTarget section */

/* Begin PBXProject section */
		DFB8F10F1B5EE02C003C6E2B /* Project object */ = {
			isa = PBXProject;
			attributes = {
				LastUpgradeCheck = 0700;
				ORGANIZATIONNAME = "Carl Moden";
				TargetAttributes = {
					DFB8F1161B5EE02C003C6E2B = {
						CreatedOnToolsVersion = 7.0;
					};
					DFB8F1251B5EE02C003C6E2B = {
						CreatedOnToolsVersion = 7.0;
						TestTargetID = DFB8F1161B5EE02C003C6E2B;
					};
					DFB8F1301B5EE02C003C6E2B = {
						CreatedOnToolsVersion = 7.0;
						TestTargetID = DFB8F1161B5EE02C003C6E2B;
					};
				};
			};
			buildConfigurationList = DFB8F1121B5EE02C003C6E2B /* Build configuration list for PBXProject "Annex-get" */;
			compatibilityVersion = "Xcode 3.2";
			developmentRegion = English;
			hasScannedForEncodings = 0;
			knownRegions = (
				en,
				Base,
			);
			mainGroup = DFB8F10E1B5EE02C003C6E2B;
			productRefGroup = DFB8F1181B5EE02C003C6E2B /* Products */;
			projectDirPath = "";
			projectRoot = "";
			targets = (
				DFB8F1161B5EE02C003C6E2B /* Annex-get */,
				DFB8F1251B5EE02C003C6E2B /* Annex-getTests */,
				DFB8F1301B5EE02C003C6E2B /* Annex-getUITests */,
			);
		};
/* End PBXProject section */

/* Begin PBXResourcesBuildPhase section */
		DFB8F1151B5EE02C003C6E2B /* Resources */ = {
			isa = PBXResourcesBuildPhase;
			buildActionMask = 2147483647;
			files = (
				DF150BFD1B625E90005EFEB4 /* LICENCE in Resources */,
				DFC7296E1B697C29009D555C /* Media.xcassets in Resources */,
				DFB8F1201B5EE02C003C6E2B /* MainMenu.xib in Resources */,
			);
			runOnlyForDeploymentPostprocessing = 0;
		};
		DFB8F1241B5EE02C003C6E2B /* Resources */ = {
			isa = PBXResourcesBuildPhase;
			buildActionMask = 2147483647;
			files = (
			);
			runOnlyForDeploymentPostprocessing = 0;
		};
		DFB8F12F1B5EE02C003C6E2B /* Resources */ = {
			isa = PBXResourcesBuildPhase;
			buildActionMask = 2147483647;
			files = (
			);
			runOnlyForDeploymentPostprocessing = 0;
		};
/* End PBXResourcesBuildPhase section */

/* Begin PBXSourcesBuildPhase section */
		DFB8F1131B5EE02C003C6E2B /* Sources */ = {
			isa = PBXSourcesBuildPhase;
			buildActionMask = 2147483647;
			files = (
				DFB8F11B1B5EE02C003C6E2B /* AppDelegate.swift in Sources */,
				DF8199DF1B62BFE9002A7885 /* Model.swift in Sources */,
			);
			runOnlyForDeploymentPostprocessing = 0;
		};
		DFB8F1221B5EE02C003C6E2B /* Sources */ = {
			isa = PBXSourcesBuildPhase;
			buildActionMask = 2147483647;
			files = (
				DFB8F12B1B5EE02C003C6E2B /* Annex_getTests.swift in Sources */,
			);
			runOnlyForDeploymentPostprocessing = 0;
		};
		DFB8F12D1B5EE02C003C6E2B /* Sources */ = {
			isa = PBXSourcesBuildPhase;
			buildActionMask = 2147483647;
			files = (
				DFB8F1361B5EE02C003C6E2B /* Annex_getUITests.swift in Sources */,
			);
			runOnlyForDeploymentPostprocessing = 0;
		};
/* End PBXSourcesBuildPhase section */

/* Begin PBXTargetDependency section */
		DFB8F1281B5EE02C003C6E2B /* PBXTargetDependency */ = {
			isa = PBXTargetDependency;
			target = DFB8F1161B5EE02C003C6E2B /* Annex-get */;
			targetProxy = DFB8F1271B5EE02C003C6E2B /* PBXContainerItemProxy */;
		};
		DFB8F1331B5EE02C003C6E2B /* PBXTargetDependency */ = {
			isa = PBXTargetDependency;
			target = DFB8F1161B5EE02C003C6E2B /* Annex-get */;
			targetProxy = DFB8F1321B5EE02C003C6E2B /* PBXContainerItemProxy */;
		};
/* End PBXTargetDependency section */

/* Begin PBXVariantGroup section */
		DFB8F11E1B5EE02C003C6E2B /* MainMenu.xib */ = {
			isa = PBXVariantGroup;
			children = (
				DFB8F11F1B5EE02C003C6E2B /* Base */,
			);
			name = MainMenu.xib;
			sourceTree = "<group>";
		};
/* End PBXVariantGroup section */

/* Begin XCBuildConfiguration section */
		DFB8F1381B5EE02C003C6E2B /* Debug */ = {
			isa = XCBuildConfiguration;
			buildSettings = {
				ALWAYS_SEARCH_USER_PATHS = NO;
				CLANG_CXX_LANGUAGE_STANDARD = "gnu++0x";
				CLANG_CXX_LIBRARY = "libc++";
				CLANG_ENABLE_MODULES = YES;
				CLANG_ENABLE_OBJC_ARC = YES;
				CLANG_WARN_BOOL_CONVERSION = YES;
				CLANG_WARN_CONSTANT_CONVERSION = YES;
				CLANG_WARN_DIRECT_OBJC_ISA_USAGE = YES_ERROR;
				CLANG_WARN_EMPTY_BODY = YES;
				CLANG_WARN_ENUM_CONVERSION = YES;
				CLANG_WARN_INT_CONVERSION = YES;
				CLANG_WARN_OBJC_ROOT_CLASS = YES_ERROR;
				CLANG_WARN_UNREACHABLE_CODE = YES;
				CLANG_WARN__DUPLICATE_METHOD_MATCH = YES;
				CODE_SIGN_IDENTITY = "-";
				COPY_PHASE_STRIP = NO;
				DEBUG_INFORMATION_FORMAT = dwarf;
				ENABLE_STRICT_OBJC_MSGSEND = YES;
				ENABLE_TESTABILITY = YES;
				GCC_C_LANGUAGE_STANDARD = gnu99;
				GCC_DYNAMIC_NO_PIC = NO;
				GCC_NO_COMMON_BLOCKS = YES;
				GCC_OPTIMIZATION_LEVEL = 0;
				GCC_PREPROCESSOR_DEFINITIONS = (
					"DEBUG=1",
					"$(inherited)",
				);
				GCC_WARN_64_TO_32_BIT_CONVERSION = YES;
				GCC_WARN_ABOUT_RETURN_TYPE = YES_ERROR;
				GCC_WARN_UNDECLARED_SELECTOR = YES;
				GCC_WARN_UNINITIALIZED_AUTOS = YES_AGGRESSIVE;
				GCC_WARN_UNUSED_FUNCTION = YES;
				GCC_WARN_UNUSED_VARIABLE = YES;
				MACOSX_DEPLOYMENT_TARGET = 10.10;
				MTL_ENABLE_DEBUG_INFO = YES;
				ONLY_ACTIVE_ARCH = YES;
				SDKROOT = macosx;
				SWIFT_OPTIMIZATION_LEVEL = "-Onone";
			};
			name = Debug;
		};
		DFB8F1391B5EE02C003C6E2B /* Release */ = {
			isa = XCBuildConfiguration;
			buildSettings = {
				ALWAYS_SEARCH_USER_PATHS = NO;
				CLANG_CXX_LANGUAGE_STANDARD = "gnu++0x";
				CLANG_CXX_LIBRARY = "libc++";
				CLANG_ENABLE_MODULES = YES;
				CLANG_ENABLE_OBJC_ARC = YES;
				CLANG_WARN_BOOL_CONVERSION = YES;
				CLANG_WARN_CONSTANT_CONVERSION = YES;
				CLANG_WARN_DIRECT_OBJC_ISA_USAGE = YES_ERROR;
				CLANG_WARN_EMPTY_BODY = YES;
				CLANG_WARN_ENUM_CONVERSION = YES;
				CLANG_WARN_INT_CONVERSION = YES;
				CLANG_WARN_OBJC_ROOT_CLASS = YES_ERROR;
				CLANG_WARN_UNREACHABLE_CODE = YES;
				CLANG_WARN__DUPLICATE_METHOD_MATCH = YES;
				CODE_SIGN_IDENTITY = "-";
				COPY_PHASE_STRIP = NO;
				DEBUG_INFORMATION_FORMAT = "dwarf-with-dsym";
				ENABLE_NS_ASSERTIONS = NO;
				ENABLE_STRICT_OBJC_MSGSEND = YES;
				GCC_C_LANGUAGE_STANDARD = gnu99;
				GCC_NO_COMMON_BLOCKS = YES;
				GCC_WARN_64_TO_32_BIT_CONVERSION = YES;
				GCC_WARN_ABOUT_RETURN_TYPE = YES_ERROR;
				GCC_WARN_UNDECLARED_SELECTOR = YES;
				GCC_WARN_UNINITIALIZED_AUTOS = YES_AGGRESSIVE;
				GCC_WARN_UNUSED_FUNCTION = YES;
				GCC_WARN_UNUSED_VARIABLE = YES;
				MACOSX_DEPLOYMENT_TARGET = 10.10;
				MTL_ENABLE_DEBUG_INFO = NO;
				SDKROOT = macosx;
			};
			name = Release;
		};
		DFB8F13B1B5EE02C003C6E2B /* Debug */ = {
			isa = XCBuildConfiguration;
			buildSettings = {
				ASSETCATALOG_COMPILER_APPICON_NAME = AppIcon;
				COMBINE_HIDPI_IMAGES = YES;
				INFOPLIST_FILE = "Annex-get/Info.plist";
				LD_RUNPATH_SEARCH_PATHS = "$(inherited) @executable_path/../Frameworks";
				MACOSX_DEPLOYMENT_TARGET = 10.10;
				PRODUCT_BUNDLE_IDENTIFIER = "com.carlmod.Annex-get";
				PRODUCT_NAME = "$(TARGET_NAME)";
			};
			name = Debug;
		};
		DFB8F13C1B5EE02C003C6E2B /* Release */ = {
			isa = XCBuildConfiguration;
			buildSettings = {
				ASSETCATALOG_COMPILER_APPICON_NAME = AppIcon;
				COMBINE_HIDPI_IMAGES = YES;
				INFOPLIST_FILE = "Annex-get/Info.plist";
				LD_RUNPATH_SEARCH_PATHS = "$(inherited) @executable_path/../Frameworks";
				MACOSX_DEPLOYMENT_TARGET = 10.10;
				PRODUCT_BUNDLE_IDENTIFIER = "com.carlmod.Annex-get";
				PRODUCT_NAME = "$(TARGET_NAME)";
			};
			name = Release;
		};
		DFB8F13E1B5EE02C003C6E2B /* Debug */ = {
			isa = XCBuildConfiguration;
			buildSettings = {
				BUNDLE_LOADER = "$(TEST_HOST)";
				COMBINE_HIDPI_IMAGES = YES;
				INFOPLIST_FILE = "Annex-getTests/Info.plist";
				LD_RUNPATH_SEARCH_PATHS = "$(inherited) @executable_path/../Frameworks @loader_path/../Frameworks";
				PRODUCT_BUNDLE_IDENTIFIER = "com.carlmod.Annex-getTests";
				PRODUCT_NAME = "$(TARGET_NAME)";
				TEST_HOST = "$(BUILT_PRODUCTS_DIR)/Annex-get.app/Contents/MacOS/Annex-get";
			};
			name = Debug;
		};
		DFB8F13F1B5EE02C003C6E2B /* Release */ = {
			isa = XCBuildConfiguration;
			buildSettings = {
				BUNDLE_LOADER = "$(TEST_HOST)";
				COMBINE_HIDPI_IMAGES = YES;
				INFOPLIST_FILE = "Annex-getTests/Info.plist";
				LD_RUNPATH_SEARCH_PATHS = "$(inherited) @executable_path/../Frameworks @loader_path/../Frameworks";
				PRODUCT_BUNDLE_IDENTIFIER = "com.carlmod.Annex-getTests";
				PRODUCT_NAME = "$(TARGET_NAME)";
				TEST_HOST = "$(BUILT_PRODUCTS_DIR)/Annex-get.app/Contents/MacOS/Annex-get";
			};
			name = Release;
		};
		DFB8F1411B5EE02C003C6E2B /* Debug */ = {
			isa = XCBuildConfiguration;
			buildSettings = {
				COMBINE_HIDPI_IMAGES = YES;
				INFOPLIST_FILE = "Annex-getUITests/Info.plist";
				LD_RUNPATH_SEARCH_PATHS = "$(inherited) @executable_path/../Frameworks @loader_path/../Frameworks";
				PRODUCT_BUNDLE_IDENTIFIER = "com.carlmod.Annex-getUITests";
				PRODUCT_NAME = "$(TARGET_NAME)";
				TEST_TARGET_NAME = "Annex-get";
				USES_XCTRUNNER = YES;
			};
			name = Debug;
		};
		DFB8F1421B5EE02C003C6E2B /* Release */ = {
			isa = XCBuildConfiguration;
			buildSettings = {
				COMBINE_HIDPI_IMAGES = YES;
				INFOPLIST_FILE = "Annex-getUITests/Info.plist";
				LD_RUNPATH_SEARCH_PATHS = "$(inherited) @executable_path/../Frameworks @loader_path/../Frameworks";
				PRODUCT_BUNDLE_IDENTIFIER = "com.carlmod.Annex-getUITests";
				PRODUCT_NAME = "$(TARGET_NAME)";
				TEST_TARGET_NAME = "Annex-get";
				USES_XCTRUNNER = YES;
			};
			name = Release;
		};
/* End XCBuildConfiguration section */

/* Begin XCConfigurationList section */
		DFB8F1121B5EE02C003C6E2B /* Build configuration list for PBXProject "Annex-get" */ = {
			isa = XCConfigurationList;
			buildConfigurations = (
				DFB8F1381B5EE02C003C6E2B /* Debug */,
				DFB8F1391B5EE02C003C6E2B /* Release */,
			);
			defaultConfigurationIsVisible = 0;
			defaultConfigurationName = Release;
		};
		DFB8F13A1B5EE02C003C6E2B /* Build configuration list for PBXNativeTarget "Annex-get" */ = {
			isa = XCConfigurationList;
			buildConfigurations = (
				DFB8F13B1B5EE02C003C6E2B /* Debug */,
				DFB8F13C1B5EE02C003C6E2B /* Release */,
			);
			defaultConfigurationIsVisible = 0;
			defaultConfigurationName = Release;
		};
		DFB8F13D1B5EE02C003C6E2B /* Build configuration list for PBXNativeTarget "Annex-getTests" */ = {
			isa = XCConfigurationList;
			buildConfigurations = (
				DFB8F13E1B5EE02C003C6E2B /* Debug */,
				DFB8F13F1B5EE02C003C6E2B /* Release */,
			);
			defaultConfigurationIsVisible = 0;
			defaultConfigurationName = Release;
		};
		DFB8F1401B5EE02C003C6E2B /* Build configuration list for PBXNativeTarget "Annex-getUITests" */ = {
			isa = XCConfigurationList;
			buildConfigurations = (
				DFB8F1411B5EE02C003C6E2B /* Debug */,
				DFB8F1421B5EE02C003C6E2B /* Release */,
			);
			defaultConfigurationIsVisible = 0;
			defaultConfigurationName = Release;
		};
/* End XCConfigurationList section */
	};
	rootObject = DFB8F10F1B5EE02C003C6E2B /* Project object */;
}
